
Microsoft Visual Studio Solution File, Format Version 12.00
# Visual Studio Version 16
VisualStudioVersion = 16.0.29519.181
MinimumVisualStudioVersion = 10.0.40219.1
Project("{FAE04EC0-301F-11D3-BF4B-00C04F79EFBC}") = "StudentExAPI6", "StudentExercise6\StudentExAPI6.csproj", "{C5511B19-8E3C-4990-A799-3BE4097AB941}"
EndProject
Global
	GlobalSection(SolutionConfigurationPlatforms) = preSolution
		Debug|Any CPU = Debug|Any CPU
		Release|Any CPU = Release|Any CPU
	EndGlobalSection
	GlobalSection(ProjectConfigurationPlatforms) = postSolution
		{C5511B19-8E3C-4990-A799-3BE4097AB941}.Debug|Any CPU.ActiveCfg = Debug|Any CPU
		{C5511B19-8E3C-4990-A799-3BE4097AB941}.Debug|Any CPU.Build.0 = Debug|Any CPU
		{C5511B19-8E3C-4990-A799-3BE4097AB941}.Release|Any CPU.ActiveCfg = Release|Any CPU
		{C5511B19-8E3C-4990-A799-3BE4097AB941}.Release|Any CPU.Build.0 = Release|Any CPU
	EndGlobalSection
	GlobalSection(SolutionProperties) = preSolution
		HideSolutionNode = FALSE
	EndGlobalSection
	GlobalSection(ExtensibilityGlobals) = postSolution
		SolutionGuid = {84FA9CC3-C171-4A40-96EB-6D851244F7F1}
	EndGlobalSection
EndGlobal
